// !$*UTF8*$!
{
	archiveVersion = 1;
	classes = {
	};
	objectVersion = 50;
	objects = {

/* Begin PBXBuildFile section */
		F6CCC21320BFCD1500F59658 /* AppDelegate.m in Sources */ = {isa = PBXBuildFile; fileRef = F6CCC21220BFCD1500F59658 /* AppDelegate.m */; };
		F6CCC21620BFCD1500F59658 /* FirstViewController.m in Sources */ = {isa = PBXBuildFile; fileRef = F6CCC21520BFCD1500F59658 /* FirstViewController.m */; };
		F6CCC21920BFCD1500F59658 /* SecondViewController.m in Sources */ = {isa = PBXBuildFile; fileRef = F6CCC21820BFCD1500F59658 /* SecondViewController.m */; };
		F6CCC21C20BFCD1500F59658 /* Main.storyboard in Resources */ = {isa = PBXBuildFile; fileRef = F6CCC21A20BFCD1500F59658 /* Main.storyboard */; };
		F6CCC21E20BFCD1700F59658 /* Assets.xcassets in Resources */ = {isa = PBXBuildFile; fileRef = F6CCC21D20BFCD1700F59658 /* Assets.xcassets */; };
		F6CCC22120BFCD1700F59658 /* LaunchScreen.storyboard in Resources */ = {isa = PBXBuildFile; fileRef = F6CCC21F20BFCD1700F59658 /* LaunchScreen.storyboard */; };
		F6CCC22420BFCD1700F59658 /* main.m in Sources */ = {isa = PBXBuildFile; fileRef = F6CCC22320BFCD1700F59658 /* main.m */; };
/* End PBXBuildFile section */

/* Begin PBXFileReference section */
		F6CCC20E20BFCD1500F59658 /* ShowViewController.app */ = {isa = PBXFileReference; explicitFileType = wrapper.application; includeInIndex = 0; path = ShowViewController.app; sourceTree = BUILT_PRODUCTS_DIR; };
		F6CCC21120BFCD1500F59658 /* AppDelegate.h */ = {isa = PBXFileReference; lastKnownFileType = sourcecode.c.h; path = AppDelegate.h; sourceTree = "<group>"; };
		F6CCC21220BFCD1500F59658 /* AppDelegate.m */ = {isa = PBXFileReference; lastKnownFileType = sourcecode.c.objc; path = AppDelegate.m; sourceTree = "<group>"; };
		F6CCC21420BFCD1500F59658 /* FirstViewController.h */ = {isa = PBXFileReference; lastKnownFileType = sourcecode.c.h; path = FirstViewController.h; sourceTree = "<group>"; };
		F6CCC21520BFCD1500F59658 /* FirstViewController.m */ = {isa = PBXFileReference; lastKnownFileType = sourcecode.c.objc; path = FirstViewController.m; sourceTree = "<group>"; };
		F6CCC21720BFCD1500F59658 /* SecondViewController.h */ = {isa = PBXFileReference; lastKnownFileType = sourcecode.c.h; path = SecondViewController.h; sourceTree = "<group>"; };
		F6CCC21820BFCD1500F59658 /* SecondViewController.m */ = {isa = PBXFileReference; lastKnownFileType = sourcecode.c.objc; path = SecondViewController.m; sourceTree = "<group>"; };
		F6CCC21B20BFCD1500F59658 /* Base */ = {isa = PBXFileReference; lastKnownFileType = file.storyboard; name = Base; path = Base.lproj/Main.storyboard; sourceTree = "<group>"; };
		F6CCC21D20BFCD1700F59658 /* Assets.xcassets */ = {isa = PBXFileReference; lastKnownFileType = folder.assetcatalog; path = Assets.xcassets; sourceTree = "<group>"; };
		F6CCC22020BFCD1700F59658 /* Base */ = {isa = PBXFileReference; lastKnownFileType = file.storyboard; name = Base; path = Base.lproj/LaunchScreen.storyboard; sourceTree = "<group>"; };
		F6CCC22220BFCD1700F59658 /* Info.plist */ = {isa = PBXFileReference; lastKnownFileType = text.plist.xml; path = Info.plist; sourceTree = "<group>"; };
		F6CCC22320BFCD1700F59658 /* main.m */ = {isa = PBXFileReference; lastKnownFileType = sourcecode.c.objc; path = main.m; sourceTree = "<group>"; };
/* End PBXFileReference section */

/* Begin PBXFrameworksBuildPhase section */
		F6CCC20B20BFCD1500F59658 /* Frameworks */ = {
			isa = PBXFrameworksBuildPhase;
			buildActionMask = 2147483647;
			files = (
			);
			runOnlyForDeploymentPostprocessing = 0;
		};
/* End PBXFrameworksBuildPhase section */

/* Begin PBXGroup section */
		F6CCC20520BFCD1500F59658 = {
			isa = PBXGroup;
			children = (
				F6CCC21020BFCD1500F59658 /* ShowViewController */,
				F6CCC20F20BFCD1500F59658 /* Products */,
			);
			sourceTree = "<group>";
		};
		F6CCC20F20BFCD1500F59658 /* Products */ = {
			isa = PBXGroup;
			children = (
				F6CCC20E20BFCD1500F59658 /* ShowViewController.app */,
			);
			name = Products;
			sourceTree = "<group>";
		};
		F6CCC21020BFCD1500F59658 /* ShowViewController */ = {
			isa = PBXGroup;
			children = (
				F6CCC21120BFCD1500F59658 /* AppDelegate.h */,
				F6CCC21220BFCD1500F59658 /* AppDelegate.m */,
				F6CCC21420BFCD1500F59658 /* FirstViewController.h */,
				F6CCC21520BFCD1500F59658 /* FirstViewController.m */,
				F6CCC21720BFCD1500F59658 /* SecondViewController.h */,
				F6CCC21820BFCD1500F59658 /* SecondViewController.m */,
				F6CCC21A20BFCD1500F59658 /* Main.storyboard */,
				F6CCC21D20BFCD1700F59658 /* Assets.xcassets */,
				F6CCC21F20BFCD1700F59658 /* LaunchScreen.storyboard */,
				F6CCC22220BFCD1700F59658 /* Info.plist */,
				F6CCC22320BFCD1700F59658 /* main.m */,
			);
			path = ShowViewController;
			sourceTree = "<group>";
		};
/* End PBXGroup section */

/* Begin PBXNativeTarget section */
		F6CCC20D20BFCD1500F59658 /* ShowViewController */ = {
			isa = PBXNativeTarget;
			buildConfigurationList = F6CCC22720BFCD1700F59658 /* Build configuration list for PBXNativeTarget "ShowViewController" */;
			buildPhases = (
				F6CCC20A20BFCD1500F59658 /* Sources */,
				F6CCC20B20BFCD1500F59658 /* Frameworks */,
				F6CCC20C20BFCD1500F59658 /* Resources */,
			);
			buildRules = (
			);
			dependencies = (
			);
			name = ShowViewController;
			productName = ShowViewController;
			productReference = F6CCC20E20BFCD1500F59658 /* ShowViewController.app */;
			productType = "com.apple.product-type.application";
		};
/* End PBXNativeTarget section */

/* Begin PBXProject section */
		F6CCC20620BFCD1500F59658 /* Project object */ = {
			isa = PBXProject;
			attributes = {
				LastUpgradeCheck = 0940;
				TargetAttributes = {
					F6CCC20D20BFCD1500F59658 = {
						CreatedOnToolsVersion = 9.4;
					};
				};
			};
			buildConfigurationList = F6CCC20920BFCD1500F59658 /* Build configuration list for PBXProject "ShowViewController" */;
			compatibilityVersion = "Xcode 9.3";
			developmentRegion = en;
			hasScannedForEncodings = 0;
			knownRegions = (
				en,
				Base,
			);
			mainGroup = F6CCC20520BFCD1500F59658;
			productRefGroup = F6CCC20F20BFCD1500F59658 /* Products */;
			projectDirPath = "";
			projectRoot = "";
			targets = (
				F6CCC20D20BFCD1500F59658 /* ShowViewController */,
			);
		};
/* End PBXProject section */

/* Begin PBXResourcesBuildPhase section */
		F6CCC20C20BFCD1500F59658 /* Resources */ = {
			isa = PBXResourcesBuildPhase;
			buildActionMask = 2147483647;
			files = (
				F6CCC22120BFCD1700F59658 /* LaunchScreen.storyboard in Resources */,
				F6CCC21E20BFCD1700F59658 /* Assets.xcassets in Resources */,
				F6CCC21C20BFCD1500F59658 /* Main.storyboard in Resources */,
			);
			runOnlyForDeploymentPostprocessing = 0;
		};
/* End PBXResourcesBuildPhase section */

/* Begin PBXSourcesBuildPhase section */
		F6CCC20A20BFCD1500F59658 /* Sources */ = {
			isa = PBXSourcesBuildPhase;
			buildActionMask = 2147483647;
			files = (
				F6CCC21920BFCD1500F59658 /* SecondViewController.m in Sources */,
				F6CCC21320BFCD1500F59658 /* AppDelegate.m in Sources */,
				F6CCC22420BFCD1700F59658 /* main.m in Sources */,
				F6CCC21620BFCD1500F59658 /* FirstViewController.m in Sources */,
			);
			runOnlyForDeploymentPostprocessing = 0;
		};
/* End PBXSourcesBuildPhase section */

/* Begin PBXVariantGroup section */
		F6CCC21A20BFCD1500F59658 /* Main.storyboard */ = {
			isa = PBXVariantGroup;
			children = (
				F6CCC21B20BFCD1500F59658 /* Base */,
			);
			name = Main.storyboard;
			sourceTree = "<group>";
		};
		F6CCC21F20BFCD1700F59658 /* LaunchScreen.storyboard */ = {
			isa = PBXVariantGroup;
			children = (
				F6CCC22020BFCD1700F59658 /* Base */,
			);
			name = LaunchScreen.storyboard;
			sourceTree = "<group>";
		};
/* End PBXVariantGroup section */

/* Begin XCBuildConfiguration section */
		F6CCC22520BFCD1700F59658 /* Debug */ = {
			isa = XCBuildConfiguration;
			buildSettings = {
				ALWAYS_SEARCH_USER_PATHS = NO;
				CLANG_ANALYZER_NONNULL = YES;
				CLANG_ANALYZER_NUMBER_OBJECT_CONVERSION = YES_AGGRESSIVE;
				CLANG_CXX_LANGUAGE_STANDARD = "gnu++14";
				CLANG_CXX_LIBRARY = "libc++";
				CLANG_ENABLE_MODULES = YES;
				CLANG_ENABLE_OBJC_ARC = YES;
				CLANG_ENABLE_OBJC_WEAK = YES;
				CLANG_WARN_BLOCK_CAPTURE_AUTORELEASING = YES;
				CLANG_WARN_BOOL_CONVERSION = YES;
				CLANG_WARN_COMMA = YES;
				CLANG_WARN_CONSTANT_CONVERSION = YES;
				CLANG_WARN_DEPRECATED_OBJC_IMPLEMENTATIONS = YES;
				CLANG_WARN_DIRECT_OBJC_ISA_USAGE = YES_ERROR;
				CLANG_WARN_DOCUMENTATION_COMMENTS = YES;
				CLANG_WARN_EMPTY_BODY = YES;
				CLANG_WARN_ENUM_CONVERSION = YES;
				CLANG_WARN_INFINITE_RECURSION = YES;
				CLANG_WARN_INT_CONVERSION = YES;
				CLANG_WARN_NON_LITERAL_NULL_CONVERSION = YES;
				CLANG_WARN_OBJC_IMPLICIT_RETAIN_SELF = YES;
				CLANG_WARN_OBJC_LITERAL_CONVERSION = YES;
				CLANG_WARN_OBJC_ROOT_CLASS = YES_ERROR;
				CLANG_WARN_RANGE_LOOP_ANALYSIS = YES;
				CLANG_WARN_STRICT_PROTOTYPES = YES;
				CLANG_WARN_SUSPICIOUS_MOVE = YES;
				CLANG_WARN_UNGUARDED_AVAILABILITY = YES_AGGRESSIVE;
				CLANG_WARN_UNREACHABLE_CODE = YES;
				CLANG_WARN__DUPLICATE_METHOD_MATCH = YES;
				CODE_SIGN_IDENTITY = "iPhone Developer";
				COPY_PHASE_STRIP = NO;
				DEBUG_INFORMATION_FORMAT = dwarf;
				ENABLE_STRICT_OBJC_MSGSEND = YES;
				ENABLE_TESTABILITY = YES;
				GCC_C_LANGUAGE_STANDARD = gnu11;
				GCC_DYNAMIC_NO_PIC = NO;
				GCC_NO_COMMON_BLOCKS = YES;
				GCC_OPTIMIZATION_LEVEL = 0;
				GCC_PREPROCESSOR_DEFINITIONS = (
					"DEBUG=1",
					"$(inherited)",
				);
				GCC_WARN_64_TO_32_BIT_CONVERSION = YES;
				GCC_WARN_ABOUT_RETURN_TYPE = YES_ERROR;
				GCC_WARN_UNDECLARED_SELECTOR = YES;
				GCC_WARN_UNINITIALIZED_AUTOS = YES_AGGRESSIVE;
				GCC_WARN_UNUSED_FUNCTION = YES;
				GCC_WARN_UNUSED_VARIABLE = YES;
				IPHONEOS_DEPLOYMENT_TARGET = 11.4;
				MTL_ENABLE_DEBUG_INFO = YES;
				ONLY_ACTIVE_ARCH = YES;
				SDKROOT = iphoneos;
			};
			name = Debug;
		};
		F6CCC22620BFCD1700F59658 /* Release */ = {
			isa = XCBuildConfiguration;
			buildSettings = {
				ALWAYS_SEARCH_USER_PATHS = NO;
				CLANG_ANALYZER_NONNULL = YES;
				CLANG_ANALYZER_NUMBER_OBJECT_CONVERSION = YES_AGGRESSIVE;
				CLANG_CXX_LANGUAGE_STANDARD = "gnu++14";
				CLANG_CXX_LIBRARY = "libc++";
				CLANG_ENABLE_MODULES = YES;
				CLANG_ENABLE_OBJC_ARC = YES;
				CLANG_ENABLE_OBJC_WEAK = YES;
				CLANG_WARN_BLOCK_CAPTURE_AUTORELEASING = YES;
				CLANG_WARN_BOOL_CONVERSION = YES;
				CLANG_WARN_COMMA = YES;
				CLANG_WARN_CONSTANT_CONVERSION = YES;
				CLANG_WARN_DEPRECATED_OBJC_IMPLEMENTATIONS = YES;
				CLANG_WARN_DIRECT_OBJC_ISA_USAGE = YES_ERROR;
				CLANG_WARN_DOCUMENTATION_COMMENTS = YES;
				CLANG_WARN_EMPTY_BODY = YES;
				CLANG_WARN_ENUM_CONVERSION = YES;
				CLANG_WARN_INFINITE_RECURSION = YES;
				CLANG_WARN_INT_CONVERSION = YES;
				CLANG_WARN_NON_LITERAL_NULL_CONVERSION = YES;
				CLANG_WARN_OBJC_IMPLICIT_RETAIN_SELF = YES;
				CLANG_WARN_OBJC_LITERAL_CONVERSION = YES;
				CLANG_WARN_OBJC_ROOT_CLASS = YES_ERROR;
				CLANG_WARN_RANGE_LOOP_ANALYSIS = YES;
				CLANG_WARN_STRICT_PROTOTYPES = YES;
				CLANG_WARN_SUSPICIOUS_MOVE = YES;
				CLANG_WARN_UNGUARDED_AVAILABILITY = YES_AGGRESSIVE;
				CLANG_WARN_UNREACHABLE_CODE = YES;
				CLANG_WARN__DUPLICATE_METHOD_MATCH = YES;
				CODE_SIGN_IDENTITY = "iPhone Developer";
				COPY_PHASE_STRIP = NO;
				DEBUG_INFORMATION_FORMAT = "dwarf-with-dsym";
				ENABLE_NS_ASSERTIONS = NO;
				ENABLE_STRICT_OBJC_MSGSEND = YES;
				GCC_C_LANGUAGE_STANDARD = gnu11;
				GCC_NO_COMMON_BLOCKS = YES;
				GCC_WARN_64_TO_32_BIT_CONVERSION = YES;
				GCC_WARN_ABOUT_RETURN_TYPE = YES_ERROR;
				GCC_WARN_UNDECLARED_SELECTOR = YES;
				GCC_WARN_UNINITIALIZED_AUTOS = YES_AGGRESSIVE;
				GCC_WARN_UNUSED_FUNCTION = YES;
				GCC_WARN_UNUSED_VARIABLE = YES;
				IPHONEOS_DEPLOYMENT_TARGET = 11.4;
				MTL_ENABLE_DEBUG_INFO = NO;
				SDKROOT = iphoneos;
				VALIDATE_PRODUCT = YES;
			};
			name = Release;
		};
		F6CCC22820BFCD1700F59658 /* Debug */ = {
			isa = XCBuildConfiguration;
			buildSettings = {
				ASSETCATALOG_COMPILER_APPICON_NAME = AppIcon;
				CODE_SIGN_STYLE = Automatic;
				INFOPLIST_FILE = ShowViewController/Info.plist;
				LD_RUNPATH_SEARCH_PATHS = (
					"$(inherited)",
					"@executable_path/Frameworks",
				);
				PRODUCT_BUNDLE_IDENTIFIER = com.magicalboy.ShowViewController;
				PRODUCT_NAME = "$(TARGET_NAME)";
				TARGETED_DEVICE_FAMILY = "1,2";
			};
			name = Debug;
		};
		F6CCC22920BFCD1700F59658 /* Release */ = {
			isa = XCBuildConfiguration;
			buildSettings = {
				ASSETCATALOG_COMPILER_APPICON_NAME = AppIcon;
				CODE_SIGN_STYLE = Automatic;
				INFOPLIST_FILE = ShowViewController/Info.plist;
				LD_RUNPATH_SEARCH_PATHS = (
					"$(inherited)",
					"@executable_path/Frameworks",
				);
				PRODUCT_BUNDLE_IDENTIFIER = com.magicalboy.ShowViewController;
				PRODUCT_NAME = "$(TARGET_NAME)";
				TARGETED_DEVICE_FAMILY = "1,2";
			};
			name = Release;
		};
/* End XCBuildConfiguration section */

/* Begin XCConfigurationList section */
		F6CCC20920BFCD1500F59658 /* Build configuration list for PBXProject "ShowViewController" */ = {
			isa = XCConfigurationList;
			buildConfigurations = (
				F6CCC22520BFCD1700F59658 /* Debug */,
				F6CCC22620BFCD1700F59658 /* Release */,
			);
			defaultConfigurationIsVisible = 0;
			defaultConfigurationName = Release;
		};
		F6CCC22720BFCD1700F59658 /* Build configuration list for PBXNativeTarget "ShowViewController" */ = {
			isa = XCConfigurationList;
			buildConfigurations = (
				F6CCC22820BFCD1700F59658 /* Debug */,
				F6CCC22920BFCD1700F59658 /* Release */,
			);
			defaultConfigurationIsVisible = 0;
			defaultConfigurationName = Release;
		};
/* End XCConfigurationList section */
	};
	rootObject = F6CCC20620BFCD1500F59658 /* Project object */;
}
